// !$*UTF8*$!
{
	archiveVersion = 1;
	classes = {
	};
	objectVersion = 46;
	objects = {

/* Begin PBXBuildFile section */
		039EA7AA1BF882380058238A /* main.m in Sources */ = {isa = PBXBuildFile; fileRef = 039EA7A91BF882380058238A /* main.m */; };
		039EA7AD1BF882380058238A /* AppDelegate.m in Sources */ = {isa = PBXBuildFile; fileRef = 039EA7AC1BF882380058238A /* AppDelegate.m */; };
		039EA7B01BF882380058238A /* ViewController.m in Sources */ = {isa = PBXBuildFile; fileRef = 039EA7AF1BF882380058238A /* ViewController.m */; };
		039EA7B31BF882380058238A /* Main.storyboard in Resources */ = {isa = PBXBuildFile; fileRef = 039EA7B11BF882380058238A /* Main.storyboard */; };
		039EA7B51BF882380058238A /* Assets.xcassets in Resources */ = {isa = PBXBuildFile; fileRef = 039EA7B41BF882380058238A /* Assets.xcassets */; };
		039EA7B81BF882380058238A /* LaunchScreen.storyboard in Resources */ = {isa = PBXBuildFile; fileRef = 039EA7B61BF882380058238A /* LaunchScreen.storyboard */; };
		039EA7C31BF882380058238A /* ZZClickStyleDemoTests.m in Sources */ = {isa = PBXBuildFile; fileRef = 039EA7C21BF882380058238A /* ZZClickStyleDemoTests.m */; };
		039EA7CE1BF882380058238A /* ZZClickStyleDemoUITests.m in Sources */ = {isa = PBXBuildFile; fileRef = 039EA7CD1BF882380058238A /* ZZClickStyleDemoUITests.m */; };
		039EA7DE1BF884380058238A /* UIView+ZZCS.m in Sources */ = {isa = PBXBuildFile; fileRef = 039EA7DD1BF884380058238A /* UIView+ZZCS.m */; };
/* End PBXBuildFile section */

/* Begin PBXContainerItemProxy section */
		039EA7BF1BF882380058238A /* PBXContainerItemProxy */ = {
			isa = PBXContainerItemProxy;
			containerPortal = 039EA79D1BF882380058238A /* Project object */;
			proxyType = 1;
			remoteGlobalIDString = 039EA7A41BF882380058238A;
			remoteInfo = ZZClickStyleDemo;
		};
		039EA7CA1BF882380058238A /* PBXContainerItemProxy */ = {
			isa = PBXContainerItemProxy;
			containerPortal = 039EA79D1BF882380058238A /* Project object */;
			proxyType = 1;
			remoteGlobalIDString = 039EA7A41BF882380058238A;
			remoteInfo = ZZClickStyleDemo;
		};
/* End PBXContainerItemProxy section */

/* Begin PBXFileReference section */
		039EA7A51BF882380058238A /* ZZClickStyleDemo.app */ = {isa = PBXFileReference; explicitFileType = wrapper.application; includeInIndex = 0; path = ZZClickStyleDemo.app; sourceTree = BUILT_PRODUCTS_DIR; };
		039EA7A91BF882380058238A /* main.m */ = {isa = PBXFileReference; lastKnownFileType = sourcecode.c.objc; path = main.m; sourceTree = "<group>"; };
		039EA7AB1BF882380058238A /* AppDelegate.h */ = {isa = PBXFileReference; lastKnownFileType = sourcecode.c.h; path = AppDelegate.h; sourceTree = "<group>"; };
		039EA7AC1BF882380058238A /* AppDelegate.m */ = {isa = PBXFileReference; lastKnownFileType = sourcecode.c.objc; path = AppDelegate.m; sourceTree = "<group>"; };
		039EA7AE1BF882380058238A /* ViewController.h */ = {isa = PBXFileReference; lastKnownFileType = sourcecode.c.h; path = ViewController.h; sourceTree = "<group>"; };
		039EA7AF1BF882380058238A /* ViewController.m */ = {isa = PBXFileReference; lastKnownFileType = sourcecode.c.objc; path = ViewController.m; sourceTree = "<group>"; };
		039EA7B21BF882380058238A /* Base */ = {isa = PBXFileReference; lastKnownFileType = file.storyboard; name = Base; path = Base.lproj/Main.storyboard; sourceTree = "<group>"; };
		039EA7B41BF882380058238A /* Assets.xcassets */ = {isa = PBXFileReference; lastKnownFileType = folder.assetcatalog; path = Assets.xcassets; sourceTree = "<group>"; };
		039EA7B71BF882380058238A /* Base */ = {isa = PBXFileReference; lastKnownFileType = file.storyboard; name = Base; path = Base.lproj/LaunchScreen.storyboard; sourceTree = "<group>"; };
		039EA7B91BF882380058238A /* Info.plist */ = {isa = PBXFileReference; lastKnownFileType = text.plist.xml; path = Info.plist; sourceTree = "<group>"; };
		039EA7BE1BF882380058238A /* ZZClickStyleDemoTests.xctest */ = {isa = PBXFileReference; explicitFileType = wrapper.cfbundle; includeInIndex = 0; path = ZZClickStyleDemoTests.xctest; sourceTree = BUILT_PRODUCTS_DIR; };
		039EA7C21BF882380058238A /* ZZClickStyleDemoTests.m */ = {isa = PBXFileReference; lastKnownFileType = sourcecode.c.objc; path = ZZClickStyleDemoTests.m; sourceTree = "<group>"; };
		039EA7C41BF882380058238A /* Info.plist */ = {isa = PBXFileReference; lastKnownFileType = text.plist.xml; path = Info.plist; sourceTree = "<group>"; };
		039EA7C91BF882380058238A /* ZZClickStyleDemoUITests.xctest */ = {isa = PBXFileReference; explicitFileType = wrapper.cfbundle; includeInIndex = 0; path = ZZClickStyleDemoUITests.xctest; sourceTree = BUILT_PRODUCTS_DIR; };
		039EA7CD1BF882380058238A /* ZZClickStyleDemoUITests.m */ = {isa = PBXFileReference; lastKnownFileType = sourcecode.c.objc; path = ZZClickStyleDemoUITests.m; sourceTree = "<group>"; };
		039EA7CF1BF882380058238A /* Info.plist */ = {isa = PBXFileReference; lastKnownFileType = text.plist.xml; path = Info.plist; sourceTree = "<group>"; };
		039EA7DC1BF884380058238A /* UIView+ZZCS.h */ = {isa = PBXFileReference; fileEncoding = 4; lastKnownFileType = sourcecode.c.h; name = "UIView+ZZCS.h"; path = "ZZClickStyle/UIView+ZZCS.h"; sourceTree = "<group>"; };
		039EA7DD1BF884380058238A /* UIView+ZZCS.m */ = {isa = PBXFileReference; fileEncoding = 4; lastKnownFileType = sourcecode.c.objc; name = "UIView+ZZCS.m"; path = "ZZClickStyle/UIView+ZZCS.m"; sourceTree = "<group>"; };
/* End PBXFileReference section */

/* Begin PBXFrameworksBuildPhase section */
		039EA7A21BF882380058238A /* Frameworks */ = {
			isa = PBXFrameworksBuildPhase;
			buildActionMask = 2147483647;
			files = (
			);
			runOnlyForDeploymentPostprocessing = 0;
		};
		039EA7BB1BF882380058238A /* Frameworks */ = {
			isa = PBXFrameworksBuildPhase;
			buildActionMask = 2147483647;
			files = (
			);
			runOnlyForDeploymentPostprocessing = 0;
		};
		039EA7C61BF882380058238A /* Frameworks */ = {
			isa = PBXFrameworksBuildPhase;
			buildActionMask = 2147483647;
			files = (
			);
			runOnlyForDeploymentPostprocessing = 0;
		};
/* End PBXFrameworksBuildPhase section */

/* Begin PBXGroup section */
		039EA79C1BF882380058238A = {
			isa = PBXGroup;
			children = (
				039EA7A71BF882380058238A /* ZZClickStyleDemo */,
				039EA7C11BF882380058238A /* ZZClickStyleDemoTests */,
				039EA7CC1BF882380058238A /* ZZClickStyleDemoUITests */,
				039EA7A61BF882380058238A /* Products */,
			);
			sourceTree = "<group>";
		};
		039EA7A61BF882380058238A /* Products */ = {
			isa = PBXGroup;
			children = (
				039EA7A51BF882380058238A /* ZZClickStyleDemo.app */,
				039EA7BE1BF882380058238A /* ZZClickStyleDemoTests.xctest */,
				039EA7C91BF882380058238A /* ZZClickStyleDemoUITests.xctest */,
			);
			name = Products;
			sourceTree = "<group>";
		};
		039EA7A71BF882380058238A /* ZZClickStyleDemo */ = {
			isa = PBXGroup;
			children = (
				039EA7DB1BF882C90058238A /* ZZClickStyle */,
				039EA7AB1BF882380058238A /* AppDelegate.h */,
				039EA7AC1BF882380058238A /* AppDelegate.m */,
				039EA7AE1BF882380058238A /* ViewController.h */,
				039EA7AF1BF882380058238A /* ViewController.m */,
				039EA7B11BF882380058238A /* Main.storyboard */,
				039EA7B41BF882380058238A /* Assets.xcassets */,
				039EA7B61BF882380058238A /* LaunchScreen.storyboard */,
				039EA7B91BF882380058238A /* Info.plist */,
				039EA7A81BF882380058238A /* Supporting Files */,
			);
			path = ZZClickStyleDemo;
			sourceTree = "<group>";
		};
		039EA7A81BF882380058238A /* Supporting Files */ = {
			isa = PBXGroup;
			children = (
				039EA7A91BF882380058238A /* main.m */,
			);
			name = "Supporting Files";
			sourceTree = "<group>";
		};
		039EA7C11BF882380058238A /* ZZClickStyleDemoTests */ = {
			isa = PBXGroup;
			children = (
				039EA7C21BF882380058238A /* ZZClickStyleDemoTests.m */,
				039EA7C41BF882380058238A /* Info.plist */,
			);
			path = ZZClickStyleDemoTests;
			sourceTree = "<group>";
		};
		039EA7CC1BF882380058238A /* ZZClickStyleDemoUITests */ = {
			isa = PBXGroup;
			children = (
				039EA7CD1BF882380058238A /* ZZClickStyleDemoUITests.m */,
				039EA7CF1BF882380058238A /* Info.plist */,
			);
			path = ZZClickStyleDemoUITests;
			sourceTree = "<group>";
		};
		039EA7DB1BF882C90058238A /* ZZClickStyle */ = {
			isa = PBXGroup;
			children = (
				039EA7DC1BF884380058238A /* UIView+ZZCS.h */,
				039EA7DD1BF884380058238A /* UIView+ZZCS.m */,
			);
			name = ZZClickStyle;
			sourceTree = "<group>";
		};
/* End PBXGroup section */

/* Begin PBXNativeTarget section */
		039EA7A41BF882380058238A /* ZZClickStyleDemo */ = {
			isa = PBXNativeTarget;
			buildConfigurationList = 039EA7D21BF882380058238A /* Build configuration list for PBXNativeTarget "ZZClickStyleDemo" */;
			buildPhases = (
				039EA7A11BF882380058238A /* Sources */,
				039EA7A21BF882380058238A /* Frameworks */,
				039EA7A31BF882380058238A /* Resources */,
			);
			buildRules = (
			);
			dependencies = (
			);
			name = ZZClickStyleDemo;
			productName = ZZClickStyleDemo;
			productReference = 039EA7A51BF882380058238A /* ZZClickStyleDemo.app */;
			productType = "com.apple.product-type.application";
		};
		039EA7BD1BF882380058238A /* ZZClickStyleDemoTests */ = {
			isa = PBXNativeTarget;
			buildConfigurationList = 039EA7D51BF882380058238A /* Build configuration list for PBXNativeTarget "ZZClickStyleDemoTests" */;
			buildPhases = (
				039EA7BA1BF882380058238A /* Sources */,
				039EA7BB1BF882380058238A /* Frameworks */,
				039EA7BC1BF882380058238A /* Resources */,
			);
			buildRules = (
			);
			dependencies = (
				039EA7C01BF882380058238A /* PBXTargetDependency */,
			);
			name = ZZClickStyleDemoTests;
			productName = ZZClickStyleDemoTests;
			productReference = 039EA7BE1BF882380058238A /* ZZClickStyleDemoTests.xctest */;
			productType = "com.apple.product-type.bundle.unit-test";
		};
		039EA7C81BF882380058238A /* ZZClickStyleDemoUITests */ = {
			isa = PBXNativeTarget;
			buildConfigurationList = 039EA7D81BF882380058238A /* Build configuration list for PBXNativeTarget "ZZClickStyleDemoUITests" */;
			buildPhases = (
				039EA7C51BF882380058238A /* Sources */,
				039EA7C61BF882380058238A /* Frameworks */,
				039EA7C71BF882380058238A /* Resources */,
			);
			buildRules = (
			);
			dependencies = (
				039EA7CB1BF882380058238A /* PBXTargetDependency */,
			);
			name = ZZClickStyleDemoUITests;
			productName = ZZClickStyleDemoUITests;
			productReference = 039EA7C91BF882380058238A /* ZZClickStyleDemoUITests.xctest */;
			productType = "com.apple.product-type.bundle.ui-testing";
		};
/* End PBXNativeTarget section */

/* Begin PBXProject section */
		039EA79D1BF882380058238A /* Project object */ = {
			isa = PBXProject;
			attributes = {
				LastUpgradeCheck = 0710;
				ORGANIZATIONNAME = "Jimmy－zzm";
				TargetAttributes = {
					039EA7A41BF882380058238A = {
						CreatedOnToolsVersion = 7.1;
						DevelopmentTeam = D2C4E357XM;
					};
					039EA7BD1BF882380058238A = {
						CreatedOnToolsVersion = 7.1;
						TestTargetID = 039EA7A41BF882380058238A;
					};
					039EA7C81BF882380058238A = {
						CreatedOnToolsVersion = 7.1;
						TestTargetID = 039EA7A41BF882380058238A;
					};
				};
			};
			buildConfigurationList = 039EA7A01BF882380058238A /* Build configuration list for PBXProject "ZZClickStyleDemo" */;
			compatibilityVersion = "Xcode 3.2";
			developmentRegion = English;
			hasScannedForEncodings = 0;
			knownRegions = (
				en,
				Base,
			);
			mainGroup = 039EA79C1BF882380058238A;
			productRefGroup = 039EA7A61BF882380058238A /* Products */;
			projectDirPath = "";
			projectRoot = "";
			targets = (
				039EA7A41BF882380058238A /* ZZClickStyleDemo */,
				039EA7BD1BF882380058238A /* ZZClickStyleDemoTests */,
				039EA7C81BF882380058238A /* ZZClickStyleDemoUITests */,
			);
		};
/* End PBXProject section */

/* Begin PBXResourcesBuildPhase section */
		039EA7A31BF882380058238A /* Resources */ = {
			isa = PBXResourcesBuildPhase;
			buildActionMask = 2147483647;
			files = (
				039EA7B81BF882380058238A /* LaunchScreen.storyboard in Resources */,
				039EA7B51BF882380058238A /* Assets.xcassets in Resources */,
				039EA7B31BF882380058238A /* Main.storyboard in Resources */,
			);
			runOnlyForDeploymentPostprocessing = 0;
		};
		039EA7BC1BF882380058238A /* Resources */ = {
			isa = PBXResourcesBuildPhase;
			buildActionMask = 2147483647;
			files = (
			);
			runOnlyForDeploymentPostprocessing = 0;
		};
		039EA7C71BF882380058238A /* Resources */ = {
			isa = PBXResourcesBuildPhase;
			buildActionMask = 2147483647;
			files = (
			);
			runOnlyForDeploymentPostprocessing = 0;
		};
/* End PBXResourcesBuildPhase section */

/* Begin PBXSourcesBuildPhase section */
		039EA7A11BF882380058238A /* Sources */ = {
			isa = PBXSourcesBuildPhase;
			buildActionMask = 2147483647;
			files = (
				039EA7B01BF882380058238A /* ViewController.m in Sources */,
				039EA7AD1BF882380058238A /* AppDelegate.m in Sources */,
				039EA7DE1BF884380058238A /* UIView+ZZCS.m in Sources */,
				039EA7AA1BF882380058238A /* main.m in Sources */,
			);
			runOnlyForDeploymentPostprocessing = 0;
		};
		039EA7BA1BF882380058238A /* Sources */ = {
			isa = PBXSourcesBuildPhase;
			buildActionMask = 2147483647;
			files = (
				039EA7C31BF882380058238A /* ZZClickStyleDemoTests.m in Sources */,
			);
			runOnlyForDeploymentPostprocessing = 0;
		};
		039EA7C51BF882380058238A /* Sources */ = {
			isa = PBXSourcesBuildPhase;
			buildActionMask = 2147483647;
			files = (
				039EA7CE1BF882380058238A /* ZZClickStyleDemoUITests.m in Sources */,
			);
			runOnlyForDeploymentPostprocessing = 0;
		};
/* End PBXSourcesBuildPhase section */

/* Begin PBXTargetDependency section */
		039EA7C01BF882380058238A /* PBXTargetDependency */ = {
			isa = PBXTargetDependency;
			target = 039EA7A41BF882380058238A /* ZZClickStyleDemo */;
			targetProxy = 039EA7BF1BF882380058238A /* PBXContainerItemProxy */;
		};
		039EA7CB1BF882380058238A /* PBXTargetDependency */ = {
			isa = PBXTargetDependency;
			target = 039EA7A41BF882380058238A /* ZZClickStyleDemo */;
			targetProxy = 039EA7CA1BF882380058238A /* PBXContainerItemProxy */;
		};
/* End PBXTargetDependency section */

/* Begin PBXVariantGroup section */
		039EA7B11BF882380058238A /* Main.storyboard */ = {
			isa = PBXVariantGroup;
			children = (
				039EA7B21BF882380058238A /* Base */,
			);
			name = Main.storyboard;
			sourceTree = "<group>";
		};
		039EA7B61BF882380058238A /* LaunchScreen.storyboard */ = {
			isa = PBXVariantGroup;
			children = (
				039EA7B71BF882380058238A /* Base */,
			);
			name = LaunchScreen.storyboard;
			sourceTree = "<group>";
		};
/* End PBXVariantGroup section */

/* Begin XCBuildConfiguration section */
		039EA7D01BF882380058238A /* Debug */ = {
			isa = XCBuildConfiguration;
			buildSettings = {
				ALWAYS_SEARCH_USER_PATHS = NO;
				CLANG_CXX_LANGUAGE_STANDARD = "gnu++0x";
				CLANG_CXX_LIBRARY = "libc++";
				CLANG_ENABLE_MODULES = YES;
				CLANG_ENABLE_OBJC_ARC = YES;
				CLANG_WARN_BOOL_CONVERSION = YES;
				CLANG_WARN_CONSTANT_CONVERSION = YES;
				CLANG_WARN_DIRECT_OBJC_ISA_USAGE = YES_ERROR;
				CLANG_WARN_EMPTY_BODY = YES;
				CLANG_WARN_ENUM_CONVERSION = YES;
				CLANG_WARN_INT_CONVERSION = YES;
				CLANG_WARN_OBJC_ROOT_CLASS = YES_ERROR;
				CLANG_WARN_UNREACHABLE_CODE = YES;
				CLANG_WARN__DUPLICATE_METHOD_MATCH = YES;
				"CODE_SIGN_IDENTITY[sdk=iphoneos*]" = "iPhone Developer";
				COPY_PHASE_STRIP = NO;
				DEBUG_INFORMATION_FORMAT = dwarf;
				ENABLE_STRICT_OBJC_MSGSEND = YES;
				ENABLE_TESTABILITY = YES;
				GCC_C_LANGUAGE_STANDARD = gnu99;
				GCC_DYNAMIC_NO_PIC = NO;
				GCC_NO_COMMON_BLOCKS = YES;
				GCC_OPTIMIZATION_LEVEL = 0;
				GCC_PREPROCESSOR_DEFINITIONS = (
					"DEBUG=1",
					"$(inherited)",
				);
				GCC_WARN_64_TO_32_BIT_CONVERSION = YES;
				GCC_WARN_ABOUT_RETURN_TYPE = YES_ERROR;
				GCC_WARN_UNDECLARED_SELECTOR = YES;
				GCC_WARN_UNINITIALIZED_AUTOS = YES_AGGRESSIVE;
				GCC_WARN_UNUSED_FUNCTION = YES;
				GCC_WARN_UNUSED_VARIABLE = YES;
				IPHONEOS_DEPLOYMENT_TARGET = 9.1;
				MTL_ENABLE_DEBUG_INFO = YES;
				ONLY_ACTIVE_ARCH = YES;
				SDKROOT = iphoneos;
			};
			name = Debug;
		};
		039EA7D11BF882380058238A /* Release */ = {
			isa = XCBuildConfiguration;
			buildSettings = {
				ALWAYS_SEARCH_USER_PATHS = NO;
				CLANG_CXX_LANGUAGE_STANDARD = "gnu++0x";
				CLANG_CXX_LIBRARY = "libc++";
				CLANG_ENABLE_MODULES = YES;
				CLANG_ENABLE_OBJC_ARC = YES;
				CLANG_WARN_BOOL_CONVERSION = YES;
				CLANG_WARN_CONSTANT_CONVERSION = YES;
				CLANG_WARN_DIRECT_OBJC_ISA_USAGE = YES_ERROR;
				CLANG_WARN_EMPTY_BODY = YES;
				CLANG_WARN_ENUM_CONVERSION = YES;
				CLANG_WARN_INT_CONVERSION = YES;
				CLANG_WARN_OBJC_ROOT_CLASS = YES_ERROR;
				CLANG_WARN_UNREACHABLE_CODE = YES;
				CLANG_WARN__DUPLICATE_METHOD_MATCH = YES;
				"CODE_SIGN_IDENTITY[sdk=iphoneos*]" = "iPhone Developer";
				COPY_PHASE_STRIP = NO;
				DEBUG_INFORMATION_FORMAT = "dwarf-with-dsym";
				ENABLE_NS_ASSERTIONS = NO;
				ENABLE_STRICT_OBJC_MSGSEND = YES;
				GCC_C_LANGUAGE_STANDARD = gnu99;
				GCC_NO_COMMON_BLOCKS = YES;
				GCC_WARN_64_TO_32_BIT_CONVERSION = YES;
				GCC_WARN_ABOUT_RETURN_TYPE = YES_ERROR;
				GCC_WARN_UNDECLARED_SELECTOR = YES;
				GCC_WARN_UNINITIALIZED_AUTOS = YES_AGGRESSIVE;
				GCC_WARN_UNUSED_FUNCTION = YES;
				GCC_WARN_UNUSED_VARIABLE = YES;
				IPHONEOS_DEPLOYMENT_TARGET = 9.1;
				MTL_ENABLE_DEBUG_INFO = NO;
				SDKROOT = iphoneos;
				VALIDATE_PRODUCT = YES;
			};
			name = Release;
		};
		039EA7D31BF882380058238A /* Debug */ = {
			isa = XCBuildConfiguration;
			buildSettings = {
				ASSETCATALOG_COMPILER_APPICON_NAME = AppIcon;
				CODE_SIGN_IDENTITY = "iPhone Developer";
				INFOPLIST_FILE = ZZClickStyleDemo/Info.plist;
				LD_RUNPATH_SEARCH_PATHS = "$(inherited) @executable_path/Frameworks";
				PRODUCT_BUNDLE_IDENTIFIER = com.jimmy.ZZClickStyleDemo;
				PRODUCT_NAME = "$(TARGET_NAME)";
			};
			name = Debug;
		};
		039EA7D41BF882380058238A /* Release */ = {
			isa = XCBuildConfiguration;
			buildSettings = {
				ASSETCATALOG_COMPILER_APPICON_NAME = AppIcon;
				CODE_SIGN_IDENTITY = "iPhone Developer";
				INFOPLIST_FILE = ZZClickStyleDemo/Info.plist;
				LD_RUNPATH_SEARCH_PATHS = "$(inherited) @executable_path/Frameworks";
				PRODUCT_BUNDLE_IDENTIFIER = com.jimmy.ZZClickStyleDemo;
				PRODUCT_NAME = "$(TARGET_NAME)";
			};
			name = Release;
		};
		039EA7D61BF882380058238A /* Debug */ = {
			isa = XCBuildConfiguration;
			buildSettings = {
				BUNDLE_LOADER = "$(TEST_HOST)";
				INFOPLIST_FILE = ZZClickStyleDemoTests/Info.plist;
				LD_RUNPATH_SEARCH_PATHS = "$(inherited) @executable_path/Frameworks @loader_path/Frameworks";
				PRODUCT_BUNDLE_IDENTIFIER = com.jimmy.test.ZZClickStyleDemoTests;
				PRODUCT_NAME = "$(TARGET_NAME)";
				TEST_HOST = "$(BUILT_PRODUCTS_DIR)/ZZClickStyleDemo.app/ZZClickStyleDemo";
			};
			name = Debug;
		};
		039EA7D71BF882380058238A /* Release */ = {
			isa = XCBuildConfiguration;
			buildSettings = {
				BUNDLE_LOADER = "$(TEST_HOST)";
				INFOPLIST_FILE = ZZClickStyleDemoTests/Info.plist;
				LD_RUNPATH_SEARCH_PATHS = "$(inherited) @executable_path/Frameworks @loader_path/Frameworks";
				PRODUCT_BUNDLE_IDENTIFIER = com.jimmy.test.ZZClickStyleDemoTests;
				PRODUCT_NAME = "$(TARGET_NAME)";
				TEST_HOST = "$(BUILT_PRODUCTS_DIR)/ZZClickStyleDemo.app/ZZClickStyleDemo";
			};
			name = Release;
		};
		039EA7D91BF882380058238A /* Debug */ = {
			isa = XCBuildConfiguration;
			buildSettings = {
				INFOPLIST_FILE = ZZClickStyleDemoUITests/Info.plist;
				LD_RUNPATH_SEARCH_PATHS = "$(inherited) @executable_path/Frameworks @loader_path/Frameworks";
				PRODUCT_BUNDLE_IDENTIFIER = com.jimmy.test.ZZClickStyleDemoUITests;
				PRODUCT_NAME = "$(TARGET_NAME)";
				TEST_TARGET_NAME = ZZClickStyleDemo;
				USES_XCTRUNNER = YES;
			};
			name = Debug;
		};
		039EA7DA1BF882380058238A /* Release */ = {
			isa = XCBuildConfiguration;
			buildSettings = {
				INFOPLIST_FILE = ZZClickStyleDemoUITests/Info.plist;
				LD_RUNPATH_SEARCH_PATHS = "$(inherited) @executable_path/Frameworks @loader_path/Frameworks";
				PRODUCT_BUNDLE_IDENTIFIER = com.jimmy.test.ZZClickStyleDemoUITests;
				PRODUCT_NAME = "$(TARGET_NAME)";
				TEST_TARGET_NAME = ZZClickStyleDemo;
				USES_XCTRUNNER = YES;
			};
			name = Release;
		};
/* End XCBuildConfiguration section */

/* Begin XCConfigurationList section */
		039EA7A01BF882380058238A /* Build configuration list for PBXProject "ZZClickStyleDemo" */ = {
			isa = XCConfigurationList;
			buildConfigurations = (
				039EA7D01BF882380058238A /* Debug */,
				039EA7D11BF882380058238A /* Release */,
			);
			defaultConfigurationIsVisible = 0;
			defaultConfigurationName = Release;
		};
		039EA7D21BF882380058238A /* Build configuration list for PBXNativeTarget "ZZClickStyleDemo" */ = {
			isa = XCConfigurationList;
			buildConfigurations = (
				039EA7D31BF882380058238A /* Debug */,
				039EA7D41BF882380058238A /* Release */,
			);
			defaultConfigurationIsVisible = 0;
		};
		039EA7D51BF882380058238A /* Build configuration list for PBXNativeTarget "ZZClickStyleDemoTests" */ = {
			isa = XCConfigurationList;
			buildConfigurations = (
				039EA7D61BF882380058238A /* Debug */,
				039EA7D71BF882380058238A /* Release */,
			);
			defaultConfigurationIsVisible = 0;
		};
		039EA7D81BF882380058238A /* Build configuration list for PBXNativeTarget "ZZClickStyleDemoUITests" */ = {
			isa = XCConfigurationList;
			buildConfigurations = (
				039EA7D91BF882380058238A /* Debug */,
				039EA7DA1BF882380058238A /* Release */,
			);
			defaultConfigurationIsVisible = 0;
		};
/* End XCConfigurationList section */
	};
	rootObject = 039EA79D1BF882380058238A /* Project object */;
}
